
Microsoft Visual Studio Solution File, Format Version 12.00
# Visual Studio Version 17
VisualStudioVersion = 17.9.34607.119
MinimumVisualStudioVersion = 10.0.40219.1
Project("{FAE04EC0-301F-11D3-BF4B-00C04F79EFBC}") = "Label4367416", "Label4367416\Label4367416.csproj", "{3D659FBD-1EF3-402B-AA3C-160D092E0559}"
EndProject
Global
	GlobalSection(SolutionConfigurationPlatforms) = preSolution
		Debug|Any CPU = Debug|Any CPU
		Release|Any CPU = Release|Any CPU
	EndGlobalSection
	GlobalSection(ProjectConfigurationPlatforms) = postSolution
		{3D659FBD-1EF3-402B-AA3C-160D092E0559}.Debug|Any CPU.ActiveCfg = Debug|Any CPU
		{3D659FBD-1EF3-402B-AA3C-160D092E0559}.Debug|Any CPU.Build.0 = Debug|Any CPU
		{3D659FBD-1EF3-402B-AA3C-160D092E0559}.Release|Any CPU.ActiveCfg = Release|Any CPU
		{3D659FBD-1EF3-402B-AA3C-160D092E0559}.Release|Any CPU.Build.0 = Release|Any CPU
	EndGlobalSection
	GlobalSection(SolutionProperties) = preSolution
		HideSolutionNode = FALSE
	EndGlobalSection
	GlobalSection(ExtensibilityGlobals) = postSolution
		SolutionGuid = {60E85666-3413-4B72-9810-91D6B953B395}
	EndGlobalSection
EndGlobal
